Microsoft Visual Studio Solution File, Format Version 8.00
Project("{8BC9CEB8-8B4A-11D0-8D11-00A0C91BC942}") = "LookAndCheck", "LookAndCheck.vcproj", "{C91B3553-B794-4DB8-A483-A6C4407BEA73}"
	ProjectSection(ProjectDependencies) = postProject
	EndProjectSection
EndProject
Global
	GlobalSection(SolutionConfiguration) = preSolution
		Debug = Debug
		Release = Release
	EndGlobalSection
	GlobalSection(ProjectConfiguration) = postSolution
		{C91B3553-B794-4DB8-A483-A6C4407BEA73}.Debug.ActiveCfg = Debug|Win32
		{C91B3553-B794-4DB8-A483-A6C4407BEA73}.Debug.Build.0 = Debug|Win32
		{C91B3553-B794-4DB8-A483-A6C4407BEA73}.Release.ActiveCfg = Release|Win32
		{C91B3553-B794-4DB8-A483-A6C4407BEA73}.Release.Build.0 = Release|Win32
	EndGlobalSection
	GlobalSection(ExtensibilityGlobals) = postSolution
	EndGlobalSection
	GlobalSection(ExtensibilityAddIns) = postSolution
	EndGlobalSection
EndGlobal
