Microsoft Visual Studio Solution File, Format Version 8.00
Project("{8BC9CEB8-8B4A-11D0-8D11-00A0C91BC942}") = "PrintDialog", "PrintDialog.vcproj", "{FA82FA90-70A8-4A69-A549-5169EA9E917E}"
	ProjectSection(ProjectDependencies) = postProject
	EndProjectSection
EndProject
Global
	GlobalSection(SolutionConfiguration) = preSolution
		Debug = Debug
		Release = Release
	EndGlobalSection
	GlobalSection(ProjectConfiguration) = postSolution
		{FA82FA90-70A8-4A69-A549-5169EA9E917E}.Debug.ActiveCfg = Debug|Win32
		{FA82FA90-70A8-4A69-A549-5169EA9E917E}.Debug.Build.0 = Debug|Win32
		{FA82FA90-70A8-4A69-A549-5169EA9E917E}.Release.ActiveCfg = Release|Win32
		{FA82FA90-70A8-4A69-A549-5169EA9E917E}.Release.Build.0 = Release|Win32
	EndGlobalSection
	GlobalSection(ExtensibilityGlobals) = postSolution
	EndGlobalSection
	GlobalSection(ExtensibilityAddIns) = postSolution
	EndGlobalSection
EndGlobal
