Microsoft Visual Studio Solution File, Format Version 8.00
Project("{8BC9CEB8-8B4A-11D0-8D11-00A0C91BC942}") = "StudyTree", "StudyTree.vcproj", "{3BEA2FAB-5903-4002-ABEF-AF26606981BB}"
	ProjectSection(ProjectDependencies) = postProject
	EndProjectSection
EndProject
Global
	GlobalSection(SolutionConfiguration) = preSolution
		Debug = Debug
		Release = Release
	EndGlobalSection
	GlobalSection(ProjectConfiguration) = postSolution
		{3BEA2FAB-5903-4002-ABEF-AF26606981BB}.Debug.ActiveCfg = Debug|Win32
		{3BEA2FAB-5903-4002-ABEF-AF26606981BB}.Debug.Build.0 = Debug|Win32
		{3BEA2FAB-5903-4002-ABEF-AF26606981BB}.Release.ActiveCfg = Release|Win32
		{3BEA2FAB-5903-4002-ABEF-AF26606981BB}.Release.Build.0 = Release|Win32
	EndGlobalSection
	GlobalSection(ExtensibilityGlobals) = postSolution
	EndGlobalSection
	GlobalSection(ExtensibilityAddIns) = postSolution
	EndGlobalSection
EndGlobal
