Microsoft Visual Studio Solution File, Format Version 8.00
Project("{8BC9CEB8-8B4A-11D0-8D11-00A0C91BC942}") = "OpenSetCom", "OpenSetCom.vcproj", "{25C0BE89-B71D-4045-B5D1-4DB136891F4F}"
	ProjectSection(ProjectDependencies) = postProject
	EndProjectSection
EndProject
Global
	GlobalSection(SolutionConfiguration) = preSolution
		Debug = Debug
		Release = Release
	EndGlobalSection
	GlobalSection(ProjectConfiguration) = postSolution
		{25C0BE89-B71D-4045-B5D1-4DB136891F4F}.Debug.ActiveCfg = Debug|Win32
		{25C0BE89-B71D-4045-B5D1-4DB136891F4F}.Debug.Build.0 = Debug|Win32
		{25C0BE89-B71D-4045-B5D1-4DB136891F4F}.Release.ActiveCfg = Release|Win32
		{25C0BE89-B71D-4045-B5D1-4DB136891F4F}.Release.Build.0 = Release|Win32
	EndGlobalSection
	GlobalSection(ExtensibilityGlobals) = postSolution
	EndGlobalSection
	GlobalSection(ExtensibilityAddIns) = postSolution
	EndGlobalSection
EndGlobal
