Microsoft Visual Studio Solution File, Format Version 8.00
Project("{8BC9CEB8-8B4A-11D0-8D11-00A0C91BC942}") = "Test", "Test.vcproj", "{45A6263D-F0BC-4EFA-8D4D-0353ED6D50DB}"
	ProjectSection(ProjectDependencies) = postProject
	EndProjectSection
EndProject
Global
	GlobalSection(SolutionConfiguration) = preSolution
		Debug = Debug
		Release = Release
	EndGlobalSection
	GlobalSection(ProjectConfiguration) = postSolution
		{45A6263D-F0BC-4EFA-8D4D-0353ED6D50DB}.Debug.ActiveCfg = Debug|Win32
		{45A6263D-F0BC-4EFA-8D4D-0353ED6D50DB}.Debug.Build.0 = Debug|Win32
		{45A6263D-F0BC-4EFA-8D4D-0353ED6D50DB}.Release.ActiveCfg = Release|Win32
		{45A6263D-F0BC-4EFA-8D4D-0353ED6D50DB}.Release.Build.0 = Release|Win32
	EndGlobalSection
	GlobalSection(ExtensibilityGlobals) = postSolution
	EndGlobalSection
	GlobalSection(ExtensibilityAddIns) = postSolution
	EndGlobalSection
EndGlobal
